// !$*UTF8*$!
{
	archiveVersion = 1;
	classes = {
	};
	objectVersion = 50;
	objects = {

/* Begin PBXBuildFile section */
		61355E842532AA870086905A /* AppDelegate.swift in Sources */ = {isa = PBXBuildFile; fileRef = 61355E832532AA870086905A /* AppDelegate.swift */; };
		61355E862532AA870086905A /* SceneDelegate.swift in Sources */ = {isa = PBXBuildFile; fileRef = 61355E852532AA870086905A /* SceneDelegate.swift */; };
		61355E8D2532AA8A0086905A /* Assets.xcassets in Resources */ = {isa = PBXBuildFile; fileRef = 61355E8C2532AA8A0086905A /* Assets.xcassets */; };
		61355E902532AA8A0086905A /* LaunchScreen.storyboard in Resources */ = {isa = PBXBuildFile; fileRef = 61355E8E2532AA8A0086905A /* LaunchScreen.storyboard */; };
		61355E9B2532AA8A0086905A /* iOSChallengeTests.swift in Sources */ = {isa = PBXBuildFile; fileRef = 61355E9A2532AA8A0086905A /* iOSChallengeTests.swift */; };
		61355EA62532AA8A0086905A /* iOSChallengeUITests.swift in Sources */ = {isa = PBXBuildFile; fileRef = 61355EA52532AA8A0086905A /* iOSChallengeUITests.swift */; };
		61355ECD2532ACCF0086905A /* DataModel.swift in Sources */ = {isa = PBXBuildFile; fileRef = 61355ECC2532ACCF0086905A /* DataModel.swift */; };
		61355ECF2532AD240086905A /* NetworkManager.swift in Sources */ = {isa = PBXBuildFile; fileRef = 61355ECE2532AD240086905A /* NetworkManager.swift */; };
		61355ED22532AD2F0086905A /* Constants.swift in Sources */ = {isa = PBXBuildFile; fileRef = 61355ED02532AD2F0086905A /* Constants.swift */; };
		61355ED82532AD390086905A /* CustomTableViewCell.swift in Sources */ = {isa = PBXBuildFile; fileRef = 61355ED52532AD390086905A /* CustomTableViewCell.swift */; };
		61355EDB2532AD440086905A /* DataViewModel.swift in Sources */ = {isa = PBXBuildFile; fileRef = 61355EDA2532AD440086905A /* DataViewModel.swift */; };
		61355EDD2532ADE20086905A /* DataTableViewController.swift in Sources */ = {isa = PBXBuildFile; fileRef = 61355EDC2532ADE20086905A /* DataTableViewController.swift */; };
		61355EDF2532B1470086905A /* ImageViewExtension.swift in Sources */ = {isa = PBXBuildFile; fileRef = 61355EDE2532B1470086905A /* ImageViewExtension.swift */; };
		61355EE72533C3930086905A /* ViewControllerExtension.swift in Sources */ = {isa = PBXBuildFile; fileRef = 61355EE62533C3930086905A /* ViewControllerExtension.swift */; };
/* End PBXBuildFile section */

/* Begin PBXContainerItemProxy section */
		61355E972532AA8A0086905A /* PBXContainerItemProxy */ = {
			isa = PBXContainerItemProxy;
			containerPortal = 61355E782532AA870086905A /* Project object */;
			proxyType = 1;
			remoteGlobalIDString = 61355E7F2532AA870086905A;
			remoteInfo = iOSChallenge;
		};
		61355EA22532AA8A0086905A /* PBXContainerItemProxy */ = {
			isa = PBXContainerItemProxy;
			containerPortal = 61355E782532AA870086905A /* Project object */;
			proxyType = 1;
			remoteGlobalIDString = 61355E7F2532AA870086905A;
			remoteInfo = iOSChallenge;
		};
/* End PBXContainerItemProxy section */

/* Begin PBXFileReference section */
		61355E802532AA870086905A /* CodeChallenge.app */ = {isa = PBXFileReference; explicitFileType = wrapper.application; includeInIndex = 0; path = CodeChallenge.app; sourceTree = BUILT_PRODUCTS_DIR; };
		61355E832532AA870086905A /* AppDelegate.swift */ = {isa = PBXFileReference; lastKnownFileType = sourcecode.swift; path = AppDelegate.swift; sourceTree = "<group>"; };
		61355E852532AA870086905A /* SceneDelegate.swift */ = {isa = PBXFileReference; lastKnownFileType = sourcecode.swift; path = SceneDelegate.swift; sourceTree = "<group>"; };
		61355E8C2532AA8A0086905A /* Assets.xcassets */ = {isa = PBXFileReference; lastKnownFileType = folder.assetcatalog; path = Assets.xcassets; sourceTree = "<group>"; };
		61355E8F2532AA8A0086905A /* Base */ = {isa = PBXFileReference; lastKnownFileType = file.storyboard; name = Base; path = Base.lproj/LaunchScreen.storyboard; sourceTree = "<group>"; };
		61355E912532AA8A0086905A /* Info.plist */ = {isa = PBXFileReference; lastKnownFileType = text.plist.xml; path = Info.plist; sourceTree = "<group>"; };
		61355E962532AA8A0086905A /* iOSChallengeTests.xctest */ = {isa = PBXFileReference; explicitFileType = wrapper.cfbundle; includeInIndex = 0; path = iOSChallengeTests.xctest; sourceTree = BUILT_PRODUCTS_DIR; };
		61355E9A2532AA8A0086905A /* iOSChallengeTests.swift */ = {isa = PBXFileReference; lastKnownFileType = sourcecode.swift; path = iOSChallengeTests.swift; sourceTree = "<group>"; };
		61355E9C2532AA8A0086905A /* Info.plist */ = {isa = PBXFileReference; lastKnownFileType = text.plist.xml; path = Info.plist; sourceTree = "<group>"; };
		61355EA12532AA8A0086905A /* iOSChallengeUITests.xctest */ = {isa = PBXFileReference; explicitFileType = wrapper.cfbundle; includeInIndex = 0; path = iOSChallengeUITests.xctest; sourceTree = BUILT_PRODUCTS_DIR; };
		61355EA52532AA8A0086905A /* iOSChallengeUITests.swift */ = {isa = PBXFileReference; lastKnownFileType = sourcecode.swift; path = iOSChallengeUITests.swift; sourceTree = "<group>"; };
		61355EA72532AA8A0086905A /* Info.plist */ = {isa = PBXFileReference; lastKnownFileType = text.plist.xml; path = Info.plist; sourceTree = "<group>"; };
		61355ECC2532ACCF0086905A /* DataModel.swift */ = {isa = PBXFileReference; fileEncoding = 4; lastKnownFileType = sourcecode.swift; path = DataModel.swift; sourceTree = "<group>"; };
		61355ECE2532AD240086905A /* NetworkManager.swift */ = {isa = PBXFileReference; fileEncoding = 4; lastKnownFileType = sourcecode.swift; path = NetworkManager.swift; sourceTree = "<group>"; };
		61355ED02532AD2F0086905A /* Constants.swift */ = {isa = PBXFileReference; fileEncoding = 4; lastKnownFileType = sourcecode.swift; path = Constants.swift; sourceTree = "<group>"; };
		61355ED52532AD390086905A /* CustomTableViewCell.swift */ = {isa = PBXFileReference; fileEncoding = 4; lastKnownFileType = sourcecode.swift; path = CustomTableViewCell.swift; sourceTree = "<group>"; };
		61355EDA2532AD440086905A /* DataViewModel.swift */ = {isa = PBXFileReference; fileEncoding = 4; lastKnownFileType = sourcecode.swift; path = DataViewModel.swift; sourceTree = "<group>"; };
		61355EDC2532ADE20086905A /* DataTableViewController.swift */ = {isa = PBXFileReference; lastKnownFileType = sourcecode.swift; path = DataTableViewController.swift; sourceTree = "<group>"; };
		61355EDE2532B1470086905A /* ImageViewExtension.swift */ = {isa = PBXFileReference; lastKnownFileType = sourcecode.swift; path = ImageViewExtension.swift; sourceTree = "<group>"; };
		61355EE62533C3930086905A /* ViewControllerExtension.swift */ = {isa = PBXFileReference; lastKnownFileType = sourcecode.swift; path = ViewControllerExtension.swift; sourceTree = "<group>"; };
/* End PBXFileReference section */

/* Begin PBXFrameworksBuildPhase section */
		61355E7D2532AA870086905A /* Frameworks */ = {
			isa = PBXFrameworksBuildPhase;
			buildActionMask = 2147483647;
			files = (
			);
			runOnlyForDeploymentPostprocessing = 0;
		};
		61355E932532AA8A0086905A /* Frameworks */ = {
			isa = PBXFrameworksBuildPhase;
			buildActionMask = 2147483647;
			files = (
			);
			runOnlyForDeploymentPostprocessing = 0;
		};
		61355E9E2532AA8A0086905A /* Frameworks */ = {
			isa = PBXFrameworksBuildPhase;
			buildActionMask = 2147483647;
			files = (
			);
			runOnlyForDeploymentPostprocessing = 0;
		};
/* End PBXFrameworksBuildPhase section */

/* Begin PBXGroup section */
		61355E772532AA870086905A = {
			isa = PBXGroup;
			children = (
				61355E822532AA870086905A /* iOSChallenge */,
				61355E992532AA8A0086905A /* iOSChallengeTests */,
				61355EA42532AA8A0086905A /* iOSChallengeUITests */,
				61355E812532AA870086905A /* Products */,
			);
			sourceTree = "<group>";
		};
		61355E812532AA870086905A /* Products */ = {
			isa = PBXGroup;
			children = (
				61355E802532AA870086905A /* CodeChallenge.app */,
				61355E962532AA8A0086905A /* iOSChallengeTests.xctest */,
				61355EA12532AA8A0086905A /* iOSChallengeUITests.xctest */,
			);
			name = Products;
			sourceTree = "<group>";
		};
		61355E822532AA870086905A /* iOSChallenge */ = {
			isa = PBXGroup;
			children = (
				61355ECB2532ACB20086905A /* Model */,
				61355ECA2532ACAC0086905A /* View */,
				61355EC92532AC9E0086905A /* ViewModel */,
				61355EC82532AC950086905A /* Service */,
				61355EC72532AC8B0086905A /* Utilities */,
				61355E832532AA870086905A /* AppDelegate.swift */,
				61355E852532AA870086905A /* SceneDelegate.swift */,
				61355E8C2532AA8A0086905A /* Assets.xcassets */,
				61355E8E2532AA8A0086905A /* LaunchScreen.storyboard */,
				61355E912532AA8A0086905A /* Info.plist */,
			);
			path = iOSChallenge;
			sourceTree = "<group>";
		};
		61355E992532AA8A0086905A /* iOSChallengeTests */ = {
			isa = PBXGroup;
			children = (
				61355E9A2532AA8A0086905A /* iOSChallengeTests.swift */,
				61355E9C2532AA8A0086905A /* Info.plist */,
			);
			path = iOSChallengeTests;
			sourceTree = "<group>";
		};
		61355EA42532AA8A0086905A /* iOSChallengeUITests */ = {
			isa = PBXGroup;
			children = (
				61355EA52532AA8A0086905A /* iOSChallengeUITests.swift */,
				61355EA72532AA8A0086905A /* Info.plist */,
			);
			path = iOSChallengeUITests;
			sourceTree = "<group>";
		};
		61355EC72532AC8B0086905A /* Utilities */ = {
			isa = PBXGroup;
			children = (
				61355ED02532AD2F0086905A /* Constants.swift */,
				61355EDE2532B1470086905A /* ImageViewExtension.swift */,
				61355EE62533C3930086905A /* ViewControllerExtension.swift */,
			);
			path = Utilities;
			sourceTree = "<group>";
		};
		61355EC82532AC950086905A /* Service */ = {
			isa = PBXGroup;
			children = (
				61355ECE2532AD240086905A /* NetworkManager.swift */,
			);
			path = Service;
			sourceTree = "<group>";
		};
		61355EC92532AC9E0086905A /* ViewModel */ = {
			isa = PBXGroup;
			children = (
				61355EDA2532AD440086905A /* DataViewModel.swift */,
			);
			path = ViewModel;
			sourceTree = "<group>";
		};
		61355ECA2532ACAC0086905A /* View */ = {
			isa = PBXGroup;
			children = (
				61355ED52532AD390086905A /* CustomTableViewCell.swift */,
				61355EDC2532ADE20086905A /* DataTableViewController.swift */,
			);
			path = View;
			sourceTree = "<group>";
		};
		61355ECB2532ACB20086905A /* Model */ = {
			isa = PBXGroup;
			children = (
				61355ECC2532ACCF0086905A /* DataModel.swift */,
			);
			path = Model;
			sourceTree = "<group>";
		};
/* End PBXGroup section */

/* Begin PBXNativeTarget section */
		61355E7F2532AA870086905A /* iOSChallenge */ = {
			isa = PBXNativeTarget;
			buildConfigurationList = 61355EAA2532AA8A0086905A /* Build configuration list for PBXNativeTarget "iOSChallenge" */;
			buildPhases = (
				61355E7C2532AA870086905A /* Sources */,
				61355E7D2532AA870086905A /* Frameworks */,
				61355E7E2532AA870086905A /* Resources */,
			);
			buildRules = (
			);
			dependencies = (
			);
			name = iOSChallenge;
			productName = iOSChallenge;
			productReference = 61355E802532AA870086905A /* CodeChallenge.app */;
			productType = "com.apple.product-type.application";
		};
		61355E952532AA8A0086905A /* iOSChallengeTests */ = {
			isa = PBXNativeTarget;
			buildConfigurationList = 61355EAD2532AA8A0086905A /* Build configuration list for PBXNativeTarget "iOSChallengeTests" */;
			buildPhases = (
				61355E922532AA8A0086905A /* Sources */,
				61355E932532AA8A0086905A /* Frameworks */,
				61355E942532AA8A0086905A /* Resources */,
			);
			buildRules = (
			);
			dependencies = (
				61355E982532AA8A0086905A /* PBXTargetDependency */,
			);
			name = iOSChallengeTests;
			productName = iOSChallengeTests;
			productReference = 61355E962532AA8A0086905A /* iOSChallengeTests.xctest */;
			productType = "com.apple.product-type.bundle.unit-test";
		};
		61355EA02532AA8A0086905A /* iOSChallengeUITests */ = {
			isa = PBXNativeTarget;
			buildConfigurationList = 61355EB02532AA8A0086905A /* Build configuration list for PBXNativeTarget "iOSChallengeUITests" */;
			buildPhases = (
				61355E9D2532AA8A0086905A /* Sources */,
				61355E9E2532AA8A0086905A /* Frameworks */,
				61355E9F2532AA8A0086905A /* Resources */,
			);
			buildRules = (
			);
			dependencies = (
				61355EA32532AA8A0086905A /* PBXTargetDependency */,
			);
			name = iOSChallengeUITests;
			productName = iOSChallengeUITests;
			productReference = 61355EA12532AA8A0086905A /* iOSChallengeUITests.xctest */;
			productType = "com.apple.product-type.bundle.ui-testing";
		};
/* End PBXNativeTarget section */

/* Begin PBXProject section */
		61355E782532AA870086905A /* Project object */ = {
			isa = PBXProject;
			attributes = {
				LastSwiftUpdateCheck = 1170;
				LastUpgradeCheck = 1170;
				ORGANIZATIONNAME = Tmobile;
				TargetAttributes = {
					61355E7F2532AA870086905A = {
						CreatedOnToolsVersion = 11.7;
					};
					61355E952532AA8A0086905A = {
						CreatedOnToolsVersion = 11.7;
						TestTargetID = 61355E7F2532AA870086905A;
					};
					61355EA02532AA8A0086905A = {
						CreatedOnToolsVersion = 11.7;
						TestTargetID = 61355E7F2532AA870086905A;
					};
				};
			};
			buildConfigurationList = 61355E7B2532AA870086905A /* Build configuration list for PBXProject "iOSChallenge" */;
			compatibilityVersion = "Xcode 9.3";
			developmentRegion = en;
			hasScannedForEncodings = 0;
			knownRegions = (
				en,
				Base,
			);
			mainGroup = 61355E772532AA870086905A;
			productRefGroup = 61355E812532AA870086905A /* Products */;
			projectDirPath = "";
			projectRoot = "";
			targets = (
				61355E7F2532AA870086905A /* iOSChallenge */,
				61355E952532AA8A0086905A /* iOSChallengeTests */,
				61355EA02532AA8A0086905A /* iOSChallengeUITests */,
			);
		};
/* End PBXProject section */

/* Begin PBXResourcesBuildPhase section */
		61355E7E2532AA870086905A /* Resources */ = {
			isa = PBXResourcesBuildPhase;
			buildActionMask = 2147483647;
			files = (
				61355E902532AA8A0086905A /* LaunchScreen.storyboard in Resources */,
				61355E8D2532AA8A0086905A /* Assets.xcassets in Resources */,
			);
			runOnlyForDeploymentPostprocessing = 0;
		};
		61355E942532AA8A0086905A /* Resources */ = {
			isa = PBXResourcesBuildPhase;
			buildActionMask = 2147483647;
			files = (
			);
			runOnlyForDeploymentPostprocessing = 0;
		};
		61355E9F2532AA8A0086905A /* Resources */ = {
			isa = PBXResourcesBuildPhase;
			buildActionMask = 2147483647;
			files = (
			);
			runOnlyForDeploymentPostprocessing = 0;
		};
/* End PBXResourcesBuildPhase section */

/* Begin PBXSourcesBuildPhase section */
		61355E7C2532AA870086905A /* Sources */ = {
			isa = PBXSourcesBuildPhase;
			buildActionMask = 2147483647;
			files = (
				61355ED22532AD2F0086905A /* Constants.swift in Sources */,
				61355EE72533C3930086905A /* ViewControllerExtension.swift in Sources */,
				61355EDF2532B1470086905A /* ImageViewExtension.swift in Sources */,
				61355ED82532AD390086905A /* CustomTableViewCell.swift in Sources */,
				61355EDB2532AD440086905A /* DataViewModel.swift in Sources */,
				61355ECF2532AD240086905A /* NetworkManager.swift in Sources */,
				61355EDD2532ADE20086905A /* DataTableViewController.swift in Sources */,
				61355E842532AA870086905A /* AppDelegate.swift in Sources */,
				61355E862532AA870086905A /* SceneDelegate.swift in Sources */,
				61355ECD2532ACCF0086905A /* DataModel.swift in Sources */,
			);
			runOnlyForDeploymentPostprocessing = 0;
		};
		61355E922532AA8A0086905A /* Sources */ = {
			isa = PBXSourcesBuildPhase;
			buildActionMask = 2147483647;
			files = (
				61355E9B2532AA8A0086905A /* iOSChallengeTests.swift in Sources */,
			);
			runOnlyForDeploymentPostprocessing = 0;
		};
		61355E9D2532AA8A0086905A /* Sources */ = {
			isa = PBXSourcesBuildPhase;
			buildActionMask = 2147483647;
			files = (
				61355EA62532AA8A0086905A /* iOSChallengeUITests.swift in Sources */,
			);
			runOnlyForDeploymentPostprocessing = 0;
		};
/* End PBXSourcesBuildPhase section */

/* Begin PBXTargetDependency section */
		61355E982532AA8A0086905A /* PBXTargetDependency */ = {
			isa = PBXTargetDependency;
			target = 61355E7F2532AA870086905A /* iOSChallenge */;
			targetProxy = 61355E972532AA8A0086905A /* PBXContainerItemProxy */;
		};
		61355EA32532AA8A0086905A /* PBXTargetDependency */ = {
			isa = PBXTargetDependency;
			target = 61355E7F2532AA870086905A /* iOSChallenge */;
			targetProxy = 61355EA22532AA8A0086905A /* PBXContainerItemProxy */;
		};
/* End PBXTargetDependency section */

/* Begin PBXVariantGroup section */
		61355E8E2532AA8A0086905A /* LaunchScreen.storyboard */ = {
			isa = PBXVariantGroup;
			children = (
				61355E8F2532AA8A0086905A /* Base */,
			);
			name = LaunchScreen.storyboard;
			sourceTree = "<group>";
		};
/* End PBXVariantGroup section */

/* Begin XCBuildConfiguration section */
		61355EA82532AA8A0086905A /* Debug */ = {
			isa = XCBuildConfiguration;
			buildSettings = {
				ALWAYS_SEARCH_USER_PATHS = NO;
				CLANG_ANALYZER_NONNULL = YES;
				CLANG_ANALYZER_NUMBER_OBJECT_CONVERSION = YES_AGGRESSIVE;
				CLANG_CXX_LANGUAGE_STANDARD = "gnu++14";
				CLANG_CXX_LIBRARY = "libc++";
				CLANG_ENABLE_MODULES = YES;
				CLANG_ENABLE_OBJC_ARC = YES;
				CLANG_ENABLE_OBJC_WEAK = YES;
				CLANG_WARN_BLOCK_CAPTURE_AUTORELEASING = YES;
				CLANG_WARN_BOOL_CONVERSION = YES;
				CLANG_WARN_COMMA = YES;
				CLANG_WARN_CONSTANT_CONVERSION = YES;
				CLANG_WARN_DEPRECATED_OBJC_IMPLEMENTATIONS = YES;
				CLANG_WARN_DIRECT_OBJC_ISA_USAGE = YES_ERROR;
				CLANG_WARN_DOCUMENTATION_COMMENTS = YES;
				CLANG_WARN_EMPTY_BODY = YES;
				CLANG_WARN_ENUM_CONVERSION = YES;
				CLANG_WARN_INFINITE_RECURSION = YES;
				CLANG_WARN_INT_CONVERSION = YES;
				CLANG_WARN_NON_LITERAL_NULL_CONVERSION = YES;
				CLANG_WARN_OBJC_IMPLICIT_RETAIN_SELF = YES;
				CLANG_WARN_OBJC_LITERAL_CONVERSION = YES;
				CLANG_WARN_OBJC_ROOT_CLASS = YES_ERROR;
				CLANG_WARN_RANGE_LOOP_ANALYSIS = YES;
				CLANG_WARN_STRICT_PROTOTYPES = YES;
				CLANG_WARN_SUSPICIOUS_MOVE = YES;
				CLANG_WARN_UNGUARDED_AVAILABILITY = YES_AGGRESSIVE;
				CLANG_WARN_UNREACHABLE_CODE = YES;
				CLANG_WARN__DUPLICATE_METHOD_MATCH = YES;
				COPY_PHASE_STRIP = NO;
				DEBUG_INFORMATION_FORMAT = dwarf;
				ENABLE_STRICT_OBJC_MSGSEND = YES;
				ENABLE_TESTABILITY = YES;
				GCC_C_LANGUAGE_STANDARD = gnu11;
				GCC_DYNAMIC_NO_PIC = NO;
				GCC_NO_COMMON_BLOCKS = YES;
				GCC_OPTIMIZATION_LEVEL = 0;
				GCC_PREPROCESSOR_DEFINITIONS = (
					"DEBUG=1",
					"$(inherited)",
				);
				GCC_WARN_64_TO_32_BIT_CONVERSION = YES;
				GCC_WARN_ABOUT_RETURN_TYPE = YES_ERROR;
				GCC_WARN_UNDECLARED_SELECTOR = YES;
				GCC_WARN_UNINITIALIZED_AUTOS = YES_AGGRESSIVE;
				GCC_WARN_UNUSED_FUNCTION = YES;
				GCC_WARN_UNUSED_VARIABLE = YES;
				IPHONEOS_DEPLOYMENT_TARGET = 13.7;
				MTL_ENABLE_DEBUG_INFO = INCLUDE_SOURCE;
				MTL_FAST_MATH = YES;
				ONLY_ACTIVE_ARCH = YES;
				SDKROOT = iphoneos;
				SWIFT_ACTIVE_COMPILATION_CONDITIONS = DEBUG;
				SWIFT_OPTIMIZATION_LEVEL = "-Onone";
			};
			name = Debug;
		};
		61355EA92532AA8A0086905A /* Release */ = {
			isa = XCBuildConfiguration;
			buildSettings = {
				ALWAYS_SEARCH_USER_PATHS = NO;
				CLANG_ANALYZER_NONNULL = YES;
				CLANG_ANALYZER_NUMBER_OBJECT_CONVERSION = YES_AGGRESSIVE;
				CLANG_CXX_LANGUAGE_STANDARD = "gnu++14";
				CLANG_CXX_LIBRARY = "libc++";
				CLANG_ENABLE_MODULES = YES;
				CLANG_ENABLE_OBJC_ARC = YES;
				CLANG_ENABLE_OBJC_WEAK = YES;
				CLANG_WARN_BLOCK_CAPTURE_AUTORELEASING = YES;
				CLANG_WARN_BOOL_CONVERSION = YES;
				CLANG_WARN_COMMA = YES;
				CLANG_WARN_CONSTANT_CONVERSION = YES;
				CLANG_WARN_DEPRECATED_OBJC_IMPLEMENTATIONS = YES;
				CLANG_WARN_DIRECT_OBJC_ISA_USAGE = YES_ERROR;
				CLANG_WARN_DOCUMENTATION_COMMENTS = YES;
				CLANG_WARN_EMPTY_BODY = YES;
				CLANG_WARN_ENUM_CONVERSION = YES;
				CLANG_WARN_INFINITE_RECURSION = YES;
				CLANG_WARN_INT_CONVERSION = YES;
				CLANG_WARN_NON_LITERAL_NULL_CONVERSION = YES;
				CLANG_WARN_OBJC_IMPLICIT_RETAIN_SELF = YES;
				CLANG_WARN_OBJC_LITERAL_CONVERSION = YES;
				CLANG_WARN_OBJC_ROOT_CLASS = YES_ERROR;
				CLANG_WARN_RANGE_LOOP_ANALYSIS = YES;
				CLANG_WARN_STRICT_PROTOTYPES = YES;
				CLANG_WARN_SUSPICIOUS_MOVE = YES;
				CLANG_WARN_UNGUARDED_AVAILABILITY = YES_AGGRESSIVE;
				CLANG_WARN_UNREACHABLE_CODE = YES;
				CLANG_WARN__DUPLICATE_METHOD_MATCH = YES;
				COPY_PHASE_STRIP = NO;
				DEBUG_INFORMATION_FORMAT = "dwarf-with-dsym";
				ENABLE_NS_ASSERTIONS = NO;
				ENABLE_STRICT_OBJC_MSGSEND = YES;
				GCC_C_LANGUAGE_STANDARD = gnu11;
				GCC_NO_COMMON_BLOCKS = YES;
				GCC_WARN_64_TO_32_BIT_CONVERSION = YES;
				GCC_WARN_ABOUT_RETURN_TYPE = YES_ERROR;
				GCC_WARN_UNDECLARED_SELECTOR = YES;
				GCC_WARN_UNINITIALIZED_AUTOS = YES_AGGRESSIVE;
				GCC_WARN_UNUSED_FUNCTION = YES;
				GCC_WARN_UNUSED_VARIABLE = YES;
				IPHONEOS_DEPLOYMENT_TARGET = 13.7;
				MTL_ENABLE_DEBUG_INFO = NO;
				MTL_FAST_MATH = YES;
				SDKROOT = iphoneos;
				SWIFT_COMPILATION_MODE = wholemodule;
				SWIFT_OPTIMIZATION_LEVEL = "-O";
				VALIDATE_PRODUCT = YES;
			};
			name = Release;
		};
		61355EAB2532AA8A0086905A /* Debug */ = {
			isa = XCBuildConfiguration;
			buildSettings = {
				ASSETCATALOG_COMPILER_APPICON_NAME = AppIcon;
				CODE_SIGN_STYLE = Automatic;
				INFOPLIST_FILE = iOSChallenge/Info.plist;
				IPHONEOS_DEPLOYMENT_TARGET = 12.0;
				LD_RUNPATH_SEARCH_PATHS = (
					"$(inherited)",
					"@executable_path/Frameworks",
				);
				PRODUCT_BUNDLE_IDENTIFIER = Tmobile.iOSChallenge;
				PRODUCT_NAME = CodeChallenge;
				SWIFT_VERSION = 5.0;
				TARGETED_DEVICE_FAMILY = "1,2";
			};
			name = Debug;
		};
		61355EAC2532AA8A0086905A /* Release */ = {
			isa = XCBuildConfiguration;
			buildSettings = {
				ASSETCATALOG_COMPILER_APPICON_NAME = AppIcon;
				CODE_SIGN_STYLE = Automatic;
				INFOPLIST_FILE = iOSChallenge/Info.plist;
				IPHONEOS_DEPLOYMENT_TARGET = 12.0;
				LD_RUNPATH_SEARCH_PATHS = (
					"$(inherited)",
					"@executable_path/Frameworks",
				);
				PRODUCT_BUNDLE_IDENTIFIER = Tmobile.iOSChallenge;
				PRODUCT_NAME = CodeChallenge;
				SWIFT_VERSION = 5.0;
				TARGETED_DEVICE_FAMILY = "1,2";
			};
			name = Release;
		};
		61355EAE2532AA8A0086905A /* Debug */ = {
			isa = XCBuildConfiguration;
			buildSettings = {
				ALWAYS_EMBED_SWIFT_STANDARD_LIBRARIES = YES;
				BUNDLE_LOADER = "$(TEST_HOST)";
				CODE_SIGN_STYLE = Automatic;
				INFOPLIST_FILE = iOSChallengeTests/Info.plist;
				IPHONEOS_DEPLOYMENT_TARGET = 13.7;
				LD_RUNPATH_SEARCH_PATHS = (
					"$(inherited)",
					"@executable_path/Frameworks",
					"@loader_path/Frameworks",
				);
				PRODUCT_BUNDLE_IDENTIFIER = Tmobile.iOSChallengeTests;
				PRODUCT_NAME = "$(TARGET_NAME)";
				SWIFT_VERSION = 5.0;
				TARGETED_DEVICE_FAMILY = "1,2";
				TEST_HOST = "$(BUILT_PRODUCTS_DIR)/iOSChallenge.app/iOSChallenge";
			};
			name = Debug;
		};
		61355EAF2532AA8A0086905A /* Release */ = {
			isa = XCBuildConfiguration;
			buildSettings = {
				ALWAYS_EMBED_SWIFT_STANDARD_LIBRARIES = YES;
				BUNDLE_LOADER = "$(TEST_HOST)";
				CODE_SIGN_STYLE = Automatic;
				INFOPLIST_FILE = iOSChallengeTests/Info.plist;
				IPHONEOS_DEPLOYMENT_TARGET = 13.7;
				LD_RUNPATH_SEARCH_PATHS = (
					"$(inherited)",
					"@executable_path/Frameworks",
					"@loader_path/Frameworks",
				);
				PRODUCT_BUNDLE_IDENTIFIER = Tmobile.iOSChallengeTests;
				PRODUCT_NAME = "$(TARGET_NAME)";
				SWIFT_VERSION = 5.0;
				TARGETED_DEVICE_FAMILY = "1,2";
				TEST_HOST = "$(BUILT_PRODUCTS_DIR)/iOSChallenge.app/iOSChallenge";
			};
			name = Release;
		};
		61355EB12532AA8A0086905A /* Debug */ = {
			isa = XCBuildConfiguration;
			buildSettings = {
				ALWAYS_EMBED_SWIFT_STANDARD_LIBRARIES = YES;
				CODE_SIGN_STYLE = Automatic;
				INFOPLIST_FILE = iOSChallengeUITests/Info.plist;
				LD_RUNPATH_SEARCH_PATHS = (
					"$(inherited)",
					"@executable_path/Frameworks",
					"@loader_path/Frameworks",
				);
				PRODUCT_BUNDLE_IDENTIFIER = Tmobile.iOSChallengeUITests;
				PRODUCT_NAME = "$(TARGET_NAME)";
				SWIFT_VERSION = 5.0;
				TARGETED_DEVICE_FAMILY = "1,2";
				TEST_TARGET_NAME = iOSChallenge;
			};
			name = Debug;
		};
		61355EB22532AA8A0086905A /* Release */ = {
			isa = XCBuildConfiguration;
			buildSettings = {
				ALWAYS_EMBED_SWIFT_STANDARD_LIBRARIES = YES;
				CODE_SIGN_STYLE = Automatic;
				INFOPLIST_FILE = iOSChallengeUITests/Info.plist;
				LD_RUNPATH_SEARCH_PATHS = (
					"$(inherited)",
					"@executable_path/Frameworks",
					"@loader_path/Frameworks",
				);
				PRODUCT_BUNDLE_IDENTIFIER = Tmobile.iOSChallengeUITests;
				PRODUCT_NAME = "$(TARGET_NAME)";
				SWIFT_VERSION = 5.0;
				TARGETED_DEVICE_FAMILY = "1,2";
				TEST_TARGET_NAME = iOSChallenge;
			};
			name = Release;
		};
/* End XCBuildConfiguration section */

/* Begin XCConfigurationList section */
		61355E7B2532AA870086905A /* Build configuration list for PBXProject "iOSChallenge" */ = {
			isa = XCConfigurationList;
			buildConfigurations = (
				61355EA82532AA8A0086905A /* Debug */,
				61355EA92532AA8A0086905A /* Release */,
			);
			defaultConfigurationIsVisible = 0;
			defaultConfigurationName = Release;
		};
		61355EAA2532AA8A0086905A /* Build configuration list for PBXNativeTarget "iOSChallenge" */ = {
			isa = XCConfigurationList;
			buildConfigurations = (
				61355EAB2532AA8A0086905A /* Debug */,
				61355EAC2532AA8A0086905A /* Release */,
			);
			defaultConfigurationIsVisible = 0;
			defaultConfigurationName = Release;
		};
		61355EAD2532AA8A0086905A /* Build configuration list for PBXNativeTarget "iOSChallengeTests" */ = {
			isa = XCConfigurationList;
			buildConfigurations = (
				61355EAE2532AA8A0086905A /* Debug */,
				61355EAF2532AA8A0086905A /* Release */,
			);
			defaultConfigurationIsVisible = 0;
			defaultConfigurationName = Release;
		};
		61355EB02532AA8A0086905A /* Build configuration list for PBXNativeTarget "iOSChallengeUITests" */ = {
			isa = XCConfigurationList;
			buildConfigurations = (
				61355EB12532AA8A0086905A /* Debug */,
				61355EB22532AA8A0086905A /* Release */,
			);
			defaultConfigurationIsVisible = 0;
			defaultConfigurationName = Release;
		};
/* End XCConfigurationList section */
	};
	rootObject = 61355E782532AA870086905A /* Project object */;
}
